
Microsoft Visual Studio Solution File, Format Version 12.00
# Visual Studio Version 17
VisualStudioVersion = 17.1.32210.238
MinimumVisualStudioVersion = 10.0.40219.1
Project("{9A19103F-16F7-4668-BE54-9A1E7A4F7556}") = "CoinMachine.BusinessLogic", "CoinMachine.BusinessLogic\CoinMachine.BusinessLogic.csproj", "{9B5297A2-38CD-41FB-89E8-C6B8A866D5F7}"
EndProject
Project("{9A19103F-16F7-4668-BE54-9A1E7A4F7556}") = "CoinMachine.BusinessLogicTests", "CoinMachine.BusinessLogicTests\CoinMachine.BusinessLogicTests.csproj", "{B71B687A-4BA3-4104-88C3-A588B60E9F3D}"
EndProject
Project("{9A19103F-16F7-4668-BE54-9A1E7A4F7556}") = "CoinMachine.Core", "CoinMachine.Core\CoinMachine.Core.csproj", "{3FBCCD91-0A46-4B77-A1D8-DC110ED21BC4}"
EndProject
Project("{2150E333-8FDC-42A3-9474-1A3956D46DE8}") = "Solution Items", "Solution Items", "{BF5E9734-8FEE-40DD-B94A-B7C0D822FC39}"
	ProjectSection(SolutionItems) = preProject
		CoinMachineAnalysis.pdf = CoinMachineAnalysis.pdf
		CoinMachineAnalysis.vsdx = CoinMachineAnalysis.vsdx
		Readme.txt = Readme.txt
	EndProjectSection
EndProject
Global
	GlobalSection(SolutionConfigurationPlatforms) = preSolution
		Debug|Any CPU = Debug|Any CPU
		Release|Any CPU = Release|Any CPU
	EndGlobalSection
	GlobalSection(ProjectConfigurationPlatforms) = postSolution
		{9B5297A2-38CD-41FB-89E8-C6B8A866D5F7}.Debug|Any CPU.ActiveCfg = Debug|Any CPU
		{9B5297A2-38CD-41FB-89E8-C6B8A866D5F7}.Debug|Any CPU.Build.0 = Debug|Any CPU
		{9B5297A2-38CD-41FB-89E8-C6B8A866D5F7}.Release|Any CPU.ActiveCfg = Release|Any CPU
		{9B5297A2-38CD-41FB-89E8-C6B8A866D5F7}.Release|Any CPU.Build.0 = Release|Any CPU
		{B71B687A-4BA3-4104-88C3-A588B60E9F3D}.Debug|Any CPU.ActiveCfg = Debug|Any CPU
		{B71B687A-4BA3-4104-88C3-A588B60E9F3D}.Debug|Any CPU.Build.0 = Debug|Any CPU
		{B71B687A-4BA3-4104-88C3-A588B60E9F3D}.Release|Any CPU.ActiveCfg = Release|Any CPU
		{B71B687A-4BA3-4104-88C3-A588B60E9F3D}.Release|Any CPU.Build.0 = Release|Any CPU
		{3FBCCD91-0A46-4B77-A1D8-DC110ED21BC4}.Debug|Any CPU.ActiveCfg = Debug|Any CPU
		{3FBCCD91-0A46-4B77-A1D8-DC110ED21BC4}.Debug|Any CPU.Build.0 = Debug|Any CPU
		{3FBCCD91-0A46-4B77-A1D8-DC110ED21BC4}.Release|Any CPU.ActiveCfg = Release|Any CPU
		{3FBCCD91-0A46-4B77-A1D8-DC110ED21BC4}.Release|Any CPU.Build.0 = Release|Any CPU
	EndGlobalSection
	GlobalSection(SolutionProperties) = preSolution
		HideSolutionNode = FALSE
	EndGlobalSection
	GlobalSection(ExtensibilityGlobals) = postSolution
		SolutionGuid = {21363EF7-52A1-4D69-B669-A2ED9EA0DA8A}
	EndGlobalSection
EndGlobal
